{
  "name": "ip2_test_ian",
  "version": "1.1.0",
  "lockfileVersion": 1,
  "requires": true,
  "dependencies": {
    "ip3_test_ian": {
      "version": "1.0.1",
      "resolved": "https://registry.npmjs.org/ip3_test_ian/-/ip3_test_ian-1.0.1.tgz",
      "integrity": "sha512-bD+5XYUFYiEhvJRzGTXz/WvNM1pB9L6dLah+taWHOdpMRdwW3WU3HOnz94KX68JSrJN9u/G3PrMhju3x4YAPuA=="
    }
  }
}
